
Microsoft Visual Studio Solution File, Format Version 12.00
# Visual Studio 15
VisualStudioVersion = 15.0.27130.2010
MinimumVisualStudioVersion = 10.0.40219.1
Project("{FAE04EC0-301F-11D3-BF4B-00C04F79EFBC}") = "WSL-Guideline-UWP", "WSL-Guideline-UWP\WSL-Guideline-UWP.csproj", "{0ED432AF-6379-4E24-AE89-66AB9699CB49}"
EndProject
Project("{FAE04EC0-301F-11D3-BF4B-00C04F79EFBC}") = "WJX.UWP.Controls", "..\..\..\WJX.UWP\WJX.UWP\WJX.UWP.Controls\WJX.UWP.Controls.csproj", "{FC8D93F5-74DF-4471-B9E8-15BB02AFB11B}"
EndProject
Global
	GlobalSection(SolutionConfigurationPlatforms) = preSolution
		Debug|Any CPU = Debug|Any CPU
		Debug|ARM = Debug|ARM
		Debug|x64 = Debug|x64
		Debug|x86 = Debug|x86
		Release|Any CPU = Release|Any CPU
		Release|ARM = Release|ARM
		Release|x64 = Release|x64
		Release|x86 = Release|x86
	EndGlobalSection
	GlobalSection(ProjectConfigurationPlatforms) = postSolution
		{0ED432AF-6379-4E24-AE89-66AB9699CB49}.Debug|Any CPU.ActiveCfg = Debug|x86
		{0ED432AF-6379-4E24-AE89-66AB9699CB49}.Debug|ARM.ActiveCfg = Debug|ARM
		{0ED432AF-6379-4E24-AE89-66AB9699CB49}.Debug|ARM.Build.0 = Debug|ARM
		{0ED432AF-6379-4E24-AE89-66AB9699CB49}.Debug|ARM.Deploy.0 = Debug|ARM
		{0ED432AF-6379-4E24-AE89-66AB9699CB49}.Debug|x64.ActiveCfg = Debug|x64
		{0ED432AF-6379-4E24-AE89-66AB9699CB49}.Debug|x64.Build.0 = Debug|x64
		{0ED432AF-6379-4E24-AE89-66AB9699CB49}.Debug|x64.Deploy.0 = Debug|x64
		{0ED432AF-6379-4E24-AE89-66AB9699CB49}.Debug|x86.ActiveCfg = Debug|x86
		{0ED432AF-6379-4E24-AE89-66AB9699CB49}.Debug|x86.Build.0 = Debug|x86
		{0ED432AF-6379-4E24-AE89-66AB9699CB49}.Debug|x86.Deploy.0 = Debug|x86
		{0ED432AF-6379-4E24-AE89-66AB9699CB49}.Release|Any CPU.ActiveCfg = Release|x86
		{0ED432AF-6379-4E24-AE89-66AB9699CB49}.Release|ARM.ActiveCfg = Release|ARM
		{0ED432AF-6379-4E24-AE89-66AB9699CB49}.Release|ARM.Build.0 = Release|ARM
		{0ED432AF-6379-4E24-AE89-66AB9699CB49}.Release|ARM.Deploy.0 = Release|ARM
		{0ED432AF-6379-4E24-AE89-66AB9699CB49}.Release|x64.ActiveCfg = Release|x64
		{0ED432AF-6379-4E24-AE89-66AB9699CB49}.Release|x64.Build.0 = Release|x64
		{0ED432AF-6379-4E24-AE89-66AB9699CB49}.Release|x64.Deploy.0 = Release|x64
		{0ED432AF-6379-4E24-AE89-66AB9699CB49}.Release|x86.ActiveCfg = Release|x86
		{0ED432AF-6379-4E24-AE89-66AB9699CB49}.Release|x86.Build.0 = Release|x86
		{0ED432AF-6379-4E24-AE89-66AB9699CB49}.Release|x86.Deploy.0 = Release|x86
		{FC8D93F5-74DF-4471-B9E8-15BB02AFB11B}.Debug|Any CPU.ActiveCfg = Debug|Any CPU
		{FC8D93F5-74DF-4471-B9E8-15BB02AFB11B}.Debug|Any CPU.Build.0 = Debug|Any CPU
		{FC8D93F5-74DF-4471-B9E8-15BB02AFB11B}.Debug|ARM.ActiveCfg = Debug|ARM
		{FC8D93F5-74DF-4471-B9E8-15BB02AFB11B}.Debug|ARM.Build.0 = Debug|ARM
		{FC8D93F5-74DF-4471-B9E8-15BB02AFB11B}.Debug|x64.ActiveCfg = Debug|x64
		{FC8D93F5-74DF-4471-B9E8-15BB02AFB11B}.Debug|x64.Build.0 = Debug|x64
		{FC8D93F5-74DF-4471-B9E8-15BB02AFB11B}.Debug|x86.ActiveCfg = Debug|x86
		{FC8D93F5-74DF-4471-B9E8-15BB02AFB11B}.Debug|x86.Build.0 = Debug|x86
		{FC8D93F5-74DF-4471-B9E8-15BB02AFB11B}.Release|Any CPU.ActiveCfg = Release|Any CPU
		{FC8D93F5-74DF-4471-B9E8-15BB02AFB11B}.Release|Any CPU.Build.0 = Release|Any CPU
		{FC8D93F5-74DF-4471-B9E8-15BB02AFB11B}.Release|ARM.ActiveCfg = Release|ARM
		{FC8D93F5-74DF-4471-B9E8-15BB02AFB11B}.Release|ARM.Build.0 = Release|ARM
		{FC8D93F5-74DF-4471-B9E8-15BB02AFB11B}.Release|x64.ActiveCfg = Release|x64
		{FC8D93F5-74DF-4471-B9E8-15BB02AFB11B}.Release|x64.Build.0 = Release|x64
		{FC8D93F5-74DF-4471-B9E8-15BB02AFB11B}.Release|x86.ActiveCfg = Release|x86
		{FC8D93F5-74DF-4471-B9E8-15BB02AFB11B}.Release|x86.Build.0 = Release|x86
	EndGlobalSection
	GlobalSection(SolutionProperties) = preSolution
		HideSolutionNode = FALSE
	EndGlobalSection
	GlobalSection(ExtensibilityGlobals) = postSolution
		SolutionGuid = {08EB2B1B-F192-46F6-8FD2-EB69D9FD36F0}
	EndGlobalSection
EndGlobal
